// !$*UTF8*$!
{
	archiveVersion = 1;
	classes = {
	};
	objectVersion = 46;
	objects = {

/* Begin PBXBuildFile section */
		31B215B71FE5223D00B28EEF /* AppDelegate.swift in Sources */ = {isa = PBXBuildFile; fileRef = 31B215B61FE5223D00B28EEF /* AppDelegate.swift */; };
		31B215B91FE5223D00B28EEF /* ViewController.swift in Sources */ = {isa = PBXBuildFile; fileRef = 31B215B81FE5223D00B28EEF /* ViewController.swift */; };
		31B215BC1FE5223D00B28EEF /* Main.storyboard in Resources */ = {isa = PBXBuildFile; fileRef = 31B215BA1FE5223D00B28EEF /* Main.storyboard */; };
		31B215BE1FE5223D00B28EEF /* Assets.xcassets in Resources */ = {isa = PBXBuildFile; fileRef = 31B215BD1FE5223D00B28EEF /* Assets.xcassets */; };
		31B215C11FE5223D00B28EEF /* LaunchScreen.storyboard in Resources */ = {isa = PBXBuildFile; fileRef = 31B215BF1FE5223D00B28EEF /* LaunchScreen.storyboard */; };
		31B215CC1FE5223D00B28EEF /* FirstKadaiAppTests.swift in Sources */ = {isa = PBXBuildFile; fileRef = 31B215CB1FE5223D00B28EEF /* FirstKadaiAppTests.swift */; };
		31B215D71FE5223D00B28EEF /* FirstKadaiAppUITests.swift in Sources */ = {isa = PBXBuildFile; fileRef = 31B215D61FE5223D00B28EEF /* FirstKadaiAppUITests.swift */; };
/* End PBXBuildFile section */

/* Begin PBXContainerItemProxy section */
		31B215C81FE5223D00B28EEF /* PBXContainerItemProxy */ = {
			isa = PBXContainerItemProxy;
			containerPortal = 31B215AB1FE5223D00B28EEF /* Project object */;
			proxyType = 1;
			remoteGlobalIDString = 31B215B21FE5223D00B28EEF;
			remoteInfo = FirstKadaiApp;
		};
		31B215D31FE5223D00B28EEF /* PBXContainerItemProxy */ = {
			isa = PBXContainerItemProxy;
			containerPortal = 31B215AB1FE5223D00B28EEF /* Project object */;
			proxyType = 1;
			remoteGlobalIDString = 31B215B21FE5223D00B28EEF;
			remoteInfo = FirstKadaiApp;
		};
/* End PBXContainerItemProxy section */

/* Begin PBXFileReference section */
		31B215B31FE5223D00B28EEF /* FirstKadaiApp.app */ = {isa = PBXFileReference; explicitFileType = wrapper.application; includeInIndex = 0; path = FirstKadaiApp.app; sourceTree = BUILT_PRODUCTS_DIR; };
		31B215B61FE5223D00B28EEF /* AppDelegate.swift */ = {isa = PBXFileReference; lastKnownFileType = sourcecode.swift; path = AppDelegate.swift; sourceTree = "<group>"; };
		31B215B81FE5223D00B28EEF /* ViewController.swift */ = {isa = PBXFileReference; lastKnownFileType = sourcecode.swift; path = ViewController.swift; sourceTree = "<group>"; };
		31B215BB1FE5223D00B28EEF /* Base */ = {isa = PBXFileReference; lastKnownFileType = file.storyboard; name = Base; path = Base.lproj/Main.storyboard; sourceTree = "<group>"; };
		31B215BD1FE5223D00B28EEF /* Assets.xcassets */ = {isa = PBXFileReference; lastKnownFileType = folder.assetcatalog; path = Assets.xcassets; sourceTree = "<group>"; };
		31B215C01FE5223D00B28EEF /* Base */ = {isa = PBXFileReference; lastKnownFileType = file.storyboard; name = Base; path = Base.lproj/LaunchScreen.storyboard; sourceTree = "<group>"; };
		31B215C21FE5223D00B28EEF /* Info.plist */ = {isa = PBXFileReference; lastKnownFileType = text.plist.xml; path = Info.plist; sourceTree = "<group>"; };
		31B215C71FE5223D00B28EEF /* FirstKadaiAppTests.xctest */ = {isa = PBXFileReference; explicitFileType = wrapper.cfbundle; includeInIndex = 0; path = FirstKadaiAppTests.xctest; sourceTree = BUILT_PRODUCTS_DIR; };
		31B215CB1FE5223D00B28EEF /* FirstKadaiAppTests.swift */ = {isa = PBXFileReference; lastKnownFileType = sourcecode.swift; path = FirstKadaiAppTests.swift; sourceTree = "<group>"; };
		31B215CD1FE5223D00B28EEF /* Info.plist */ = {isa = PBXFileReference; lastKnownFileType = text.plist.xml; path = Info.plist; sourceTree = "<group>"; };
		31B215D21FE5223D00B28EEF /* FirstKadaiAppUITests.xctest */ = {isa = PBXFileReference; explicitFileType = wrapper.cfbundle; includeInIndex = 0; path = FirstKadaiAppUITests.xctest; sourceTree = BUILT_PRODUCTS_DIR; };
		31B215D61FE5223D00B28EEF /* FirstKadaiAppUITests.swift */ = {isa = PBXFileReference; lastKnownFileType = sourcecode.swift; path = FirstKadaiAppUITests.swift; sourceTree = "<group>"; };
		31B215D81FE5223D00B28EEF /* Info.plist */ = {isa = PBXFileReference; lastKnownFileType = text.plist.xml; path = Info.plist; sourceTree = "<group>"; };
/* End PBXFileReference section */

/* Begin PBXFrameworksBuildPhase section */
		31B215B01FE5223D00B28EEF /* Frameworks */ = {
			isa = PBXFrameworksBuildPhase;
			buildActionMask = 2147483647;
			files = (
			);
			runOnlyForDeploymentPostprocessing = 0;
		};
		31B215C41FE5223D00B28EEF /* Frameworks */ = {
			isa = PBXFrameworksBuildPhase;
			buildActionMask = 2147483647;
			files = (
			);
			runOnlyForDeploymentPostprocessing = 0;
		};
		31B215CF1FE5223D00B28EEF /* Frameworks */ = {
			isa = PBXFrameworksBuildPhase;
			buildActionMask = 2147483647;
			files = (
			);
			runOnlyForDeploymentPostprocessing = 0;
		};
/* End PBXFrameworksBuildPhase section */

/* Begin PBXGroup section */
		31B215AA1FE5223D00B28EEF = {
			isa = PBXGroup;
			children = (
				31B215B51FE5223D00B28EEF /* FirstKadaiApp */,
				31B215CA1FE5223D00B28EEF /* FirstKadaiAppTests */,
				31B215D51FE5223D00B28EEF /* FirstKadaiAppUITests */,
				31B215B41FE5223D00B28EEF /* Products */,
			);
			sourceTree = "<group>";
		};
		31B215B41FE5223D00B28EEF /* Products */ = {
			isa = PBXGroup;
			children = (
				31B215B31FE5223D00B28EEF /* FirstKadaiApp.app */,
				31B215C71FE5223D00B28EEF /* FirstKadaiAppTests.xctest */,
				31B215D21FE5223D00B28EEF /* FirstKadaiAppUITests.xctest */,
			);
			name = Products;
			sourceTree = "<group>";
		};
		31B215B51FE5223D00B28EEF /* FirstKadaiApp */ = {
			isa = PBXGroup;
			children = (
				31B215B61FE5223D00B28EEF /* AppDelegate.swift */,
				31B215B81FE5223D00B28EEF /* ViewController.swift */,
				31B215BA1FE5223D00B28EEF /* Main.storyboard */,
				31B215BD1FE5223D00B28EEF /* Assets.xcassets */,
				31B215BF1FE5223D00B28EEF /* LaunchScreen.storyboard */,
				31B215C21FE5223D00B28EEF /* Info.plist */,
			);
			path = FirstKadaiApp;
			sourceTree = "<group>";
		};
		31B215CA1FE5223D00B28EEF /* FirstKadaiAppTests */ = {
			isa = PBXGroup;
			children = (
				31B215CB1FE5223D00B28EEF /* FirstKadaiAppTests.swift */,
				31B215CD1FE5223D00B28EEF /* Info.plist */,
			);
			path = FirstKadaiAppTests;
			sourceTree = "<group>";
		};
		31B215D51FE5223D00B28EEF /* FirstKadaiAppUITests */ = {
			isa = PBXGroup;
			children = (
				31B215D61FE5223D00B28EEF /* FirstKadaiAppUITests.swift */,
				31B215D81FE5223D00B28EEF /* Info.plist */,
			);
			path = FirstKadaiAppUITests;
			sourceTree = "<group>";
		};
/* End PBXGroup section */

/* Begin PBXNativeTarget section */
		31B215B21FE5223D00B28EEF /* FirstKadaiApp */ = {
			isa = PBXNativeTarget;
			buildConfigurationList = 31B215DB1FE5223D00B28EEF /* Build configuration list for PBXNativeTarget "FirstKadaiApp" */;
			buildPhases = (
				31B215AF1FE5223D00B28EEF /* Sources */,
				31B215B01FE5223D00B28EEF /* Frameworks */,
				31B215B11FE5223D00B28EEF /* Resources */,
			);
			buildRules = (
			);
			dependencies = (
			);
			name = FirstKadaiApp;
			productName = FirstKadaiApp;
			productReference = 31B215B31FE5223D00B28EEF /* FirstKadaiApp.app */;
			productType = "com.apple.product-type.application";
		};
		31B215C61FE5223D00B28EEF /* FirstKadaiAppTests */ = {
			isa = PBXNativeTarget;
			buildConfigurationList = 31B215DE1FE5223D00B28EEF /* Build configuration list for PBXNativeTarget "FirstKadaiAppTests" */;
			buildPhases = (
				31B215C31FE5223D00B28EEF /* Sources */,
				31B215C41FE5223D00B28EEF /* Frameworks */,
				31B215C51FE5223D00B28EEF /* Resources */,
			);
			buildRules = (
			);
			dependencies = (
				31B215C91FE5223D00B28EEF /* PBXTargetDependency */,
			);
			name = FirstKadaiAppTests;
			productName = FirstKadaiAppTests;
			productReference = 31B215C71FE5223D00B28EEF /* FirstKadaiAppTests.xctest */;
			productType = "com.apple.product-type.bundle.unit-test";
		};
		31B215D11FE5223D00B28EEF /* FirstKadaiAppUITests */ = {
			isa = PBXNativeTarget;
			buildConfigurationList = 31B215E11FE5223D00B28EEF /* Build configuration list for PBXNativeTarget "FirstKadaiAppUITests" */;
			buildPhases = (
				31B215CE1FE5223D00B28EEF /* Sources */,
				31B215CF1FE5223D00B28EEF /* Frameworks */,
				31B215D01FE5223D00B28EEF /* Resources */,
			);
			buildRules = (
			);
			dependencies = (
				31B215D41FE5223D00B28EEF /* PBXTargetDependency */,
			);
			name = FirstKadaiAppUITests;
			productName = FirstKadaiAppUITests;
			productReference = 31B215D21FE5223D00B28EEF /* FirstKadaiAppUITests.xctest */;
			productType = "com.apple.product-type.bundle.ui-testing";
		};
/* End PBXNativeTarget section */

/* Begin PBXProject section */
		31B215AB1FE5223D00B28EEF /* Project object */ = {
			isa = PBXProject;
			attributes = {
				LastSwiftUpdateCheck = 0830;
				LastUpgradeCheck = 0830;
				ORGANIZATIONNAME = tatsuki.oonishi;
				TargetAttributes = {
					31B215B21FE5223D00B28EEF = {
						CreatedOnToolsVersion = 8.3.3;
						ProvisioningStyle = Automatic;
					};
					31B215C61FE5223D00B28EEF = {
						CreatedOnToolsVersion = 8.3.3;
						ProvisioningStyle = Automatic;
						TestTargetID = 31B215B21FE5223D00B28EEF;
					};
					31B215D11FE5223D00B28EEF = {
						CreatedOnToolsVersion = 8.3.3;
						ProvisioningStyle = Automatic;
						TestTargetID = 31B215B21FE5223D00B28EEF;
					};
				};
			};
			buildConfigurationList = 31B215AE1FE5223D00B28EEF /* Build configuration list for PBXProject "FirstKadaiApp" */;
			compatibilityVersion = "Xcode 3.2";
			developmentRegion = English;
			hasScannedForEncodings = 0;
			knownRegions = (
				en,
				Base,
			);
			mainGroup = 31B215AA1FE5223D00B28EEF;
			productRefGroup = 31B215B41FE5223D00B28EEF /* Products */;
			projectDirPath = "";
			projectRoot = "";
			targets = (
				31B215B21FE5223D00B28EEF /* FirstKadaiApp */,
				31B215C61FE5223D00B28EEF /* FirstKadaiAppTests */,
				31B215D11FE5223D00B28EEF /* FirstKadaiAppUITests */,
			);
		};
/* End PBXProject section */

/* Begin PBXResourcesBuildPhase section */
		31B215B11FE5223D00B28EEF /* Resources */ = {
			isa = PBXResourcesBuildPhase;
			buildActionMask = 2147483647;
			files = (
				31B215C11FE5223D00B28EEF /* LaunchScreen.storyboard in Resources */,
				31B215BE1FE5223D00B28EEF /* Assets.xcassets in Resources */,
				31B215BC1FE5223D00B28EEF /* Main.storyboard in Resources */,
			);
			runOnlyForDeploymentPostprocessing = 0;
		};
		31B215C51FE5223D00B28EEF /* Resources */ = {
			isa = PBXResourcesBuildPhase;
			buildActionMask = 2147483647;
			files = (
			);
			runOnlyForDeploymentPostprocessing = 0;
		};
		31B215D01FE5223D00B28EEF /* Resources */ = {
			isa = PBXResourcesBuildPhase;
			buildActionMask = 2147483647;
			files = (
			);
			runOnlyForDeploymentPostprocessing = 0;
		};
/* End PBXResourcesBuildPhase section */

/* Begin PBXSourcesBuildPhase section */
		31B215AF1FE5223D00B28EEF /* Sources */ = {
			isa = PBXSourcesBuildPhase;
			buildActionMask = 2147483647;
			files = (
				31B215B91FE5223D00B28EEF /* ViewController.swift in Sources */,
				31B215B71FE5223D00B28EEF /* AppDelegate.swift in Sources */,
			);
			runOnlyForDeploymentPostprocessing = 0;
		};
		31B215C31FE5223D00B28EEF /* Sources */ = {
			isa = PBXSourcesBuildPhase;
			buildActionMask = 2147483647;
			files = (
				31B215CC1FE5223D00B28EEF /* FirstKadaiAppTests.swift in Sources */,
			);
			runOnlyForDeploymentPostprocessing = 0;
		};
		31B215CE1FE5223D00B28EEF /* Sources */ = {
			isa = PBXSourcesBuildPhase;
			buildActionMask = 2147483647;
			files = (
				31B215D71FE5223D00B28EEF /* FirstKadaiAppUITests.swift in Sources */,
			);
			runOnlyForDeploymentPostprocessing = 0;
		};
/* End PBXSourcesBuildPhase section */

/* Begin PBXTargetDependency section */
		31B215C91FE5223D00B28EEF /* PBXTargetDependency */ = {
			isa = PBXTargetDependency;
			target = 31B215B21FE5223D00B28EEF /* FirstKadaiApp */;
			targetProxy = 31B215C81FE5223D00B28EEF /* PBXContainerItemProxy */;
		};
		31B215D41FE5223D00B28EEF /* PBXTargetDependency */ = {
			isa = PBXTargetDependency;
			target = 31B215B21FE5223D00B28EEF /* FirstKadaiApp */;
			targetProxy = 31B215D31FE5223D00B28EEF /* PBXContainerItemProxy */;
		};
/* End PBXTargetDependency section */

/* Begin PBXVariantGroup section */
		31B215BA1FE5223D00B28EEF /* Main.storyboard */ = {
			isa = PBXVariantGroup;
			children = (
				31B215BB1FE5223D00B28EEF /* Base */,
			);
			name = Main.storyboard;
			sourceTree = "<group>";
		};
		31B215BF1FE5223D00B28EEF /* LaunchScreen.storyboard */ = {
			isa = PBXVariantGroup;
			children = (
				31B215C01FE5223D00B28EEF /* Base */,
			);
			name = LaunchScreen.storyboard;
			sourceTree = "<group>";
		};
/* End PBXVariantGroup section */

/* Begin XCBuildConfiguration section */
		31B215D91FE5223D00B28EEF /* Debug */ = {
			isa = XCBuildConfiguration;
			buildSettings = {
				ALWAYS_SEARCH_USER_PATHS = NO;
				CLANG_ANALYZER_NONNULL = YES;
				CLANG_ANALYZER_NUMBER_OBJECT_CONVERSION = YES_AGGRESSIVE;
				CLANG_CXX_LANGUAGE_STANDARD = "gnu++0x";
				CLANG_CXX_LIBRARY = "libc++";
				CLANG_ENABLE_MODULES = YES;
				CLANG_ENABLE_OBJC_ARC = YES;
				CLANG_WARN_BOOL_CONVERSION = YES;
				CLANG_WARN_CONSTANT_CONVERSION = YES;
				CLANG_WARN_DIRECT_OBJC_ISA_USAGE = YES_ERROR;
				CLANG_WARN_DOCUMENTATION_COMMENTS = YES;
				CLANG_WARN_EMPTY_BODY = YES;
				CLANG_WARN_ENUM_CONVERSION = YES;
				CLANG_WARN_INFINITE_RECURSION = YES;
				CLANG_WARN_INT_CONVERSION = YES;
				CLANG_WARN_OBJC_ROOT_CLASS = YES_ERROR;
				CLANG_WARN_SUSPICIOUS_MOVE = YES;
				CLANG_WARN_UNREACHABLE_CODE = YES;
				CLANG_WARN__DUPLICATE_METHOD_MATCH = YES;
				"CODE_SIGN_IDENTITY[sdk=iphoneos*]" = "iPhone Developer";
				COPY_PHASE_STRIP = NO;
				DEBUG_INFORMATION_FORMAT = dwarf;
				ENABLE_STRICT_OBJC_MSGSEND = YES;
				ENABLE_TESTABILITY = YES;
				GCC_C_LANGUAGE_STANDARD = gnu99;
				GCC_DYNAMIC_NO_PIC = NO;
				GCC_NO_COMMON_BLOCKS = YES;
				GCC_OPTIMIZATION_LEVEL = 0;
				GCC_PREPROCESSOR_DEFINITIONS = (
					"DEBUG=1",
					"$(inherited)",
				);
				GCC_WARN_64_TO_32_BIT_CONVERSION = YES;
				GCC_WARN_ABOUT_RETURN_TYPE = YES_ERROR;
				GCC_WARN_UNDECLARED_SELECTOR = YES;
				GCC_WARN_UNINITIALIZED_AUTOS = YES_AGGRESSIVE;
				GCC_WARN_UNUSED_FUNCTION = YES;
				GCC_WARN_UNUSED_VARIABLE = YES;
				IPHONEOS_DEPLOYMENT_TARGET = 10.3;
				MTL_ENABLE_DEBUG_INFO = YES;
				ONLY_ACTIVE_ARCH = YES;
				SDKROOT = iphoneos;
				SWIFT_ACTIVE_COMPILATION_CONDITIONS = DEBUG;
				SWIFT_OPTIMIZATION_LEVEL = "-Onone";
				TARGETED_DEVICE_FAMILY = "1,2";
			};
			name = Debug;
		};
		31B215DA1FE5223D00B28EEF /* Release */ = {
			isa = XCBuildConfiguration;
			buildSettings = {
				ALWAYS_SEARCH_USER_PATHS = NO;
				CLANG_ANALYZER_NONNULL = YES;
				CLANG_ANALYZER_NUMBER_OBJECT_CONVERSION = YES_AGGRESSIVE;
				CLANG_CXX_LANGUAGE_STANDARD = "gnu++0x";
				CLANG_CXX_LIBRARY = "libc++";
				CLANG_ENABLE_MODULES = YES;
				CLANG_ENABLE_OBJC_ARC = YES;
				CLANG_WARN_BOOL_CONVERSION = YES;
				CLANG_WARN_CONSTANT_CONVERSION = YES;
				CLANG_WARN_DIRECT_OBJC_ISA_USAGE = YES_ERROR;
				CLANG_WARN_DOCUMENTATION_COMMENTS = YES;
				CLANG_WARN_EMPTY_BODY = YES;
				CLANG_WARN_ENUM_CONVERSION = YES;
				CLANG_WARN_INFINITE_RECURSION = YES;
				CLANG_WARN_INT_CONVERSION = YES;
				CLANG_WARN_OBJC_ROOT_CLASS = YES_ERROR;
				CLANG_WARN_SUSPICIOUS_MOVE = YES;
				CLANG_WARN_UNREACHABLE_CODE = YES;
				CLANG_WARN__DUPLICATE_METHOD_MATCH = YES;
				"CODE_SIGN_IDENTITY[sdk=iphoneos*]" = "iPhone Developer";
				COPY_PHASE_STRIP = NO;
				DEBUG_INFORMATION_FORMAT = "dwarf-with-dsym";
				ENABLE_NS_ASSERTIONS = NO;
				ENABLE_STRICT_OBJC_MSGSEND = YES;
				GCC_C_LANGUAGE_STANDARD = gnu99;
				GCC_NO_COMMON_BLOCKS = YES;
				GCC_WARN_64_TO_32_BIT_CONVERSION = YES;
				GCC_WARN_ABOUT_RETURN_TYPE = YES_ERROR;
				GCC_WARN_UNDECLARED_SELECTOR = YES;
				GCC_WARN_UNINITIALIZED_AUTOS = YES_AGGRESSIVE;
				GCC_WARN_UNUSED_FUNCTION = YES;
				GCC_WARN_UNUSED_VARIABLE = YES;
				IPHONEOS_DEPLOYMENT_TARGET = 10.3;
				MTL_ENABLE_DEBUG_INFO = NO;
				SDKROOT = iphoneos;
				SWIFT_OPTIMIZATION_LEVEL = "-Owholemodule";
				TARGETED_DEVICE_FAMILY = "1,2";
				VALIDATE_PRODUCT = YES;
			};
			name = Release;
		};
		31B215DC1FE5223D00B28EEF /* Debug */ = {
			isa = XCBuildConfiguration;
			buildSettings = {
				ASSETCATALOG_COMPILER_APPICON_NAME = AppIcon;
				INFOPLIST_FILE = FirstKadaiApp/Info.plist;
				LD_RUNPATH_SEARCH_PATHS = "$(inherited) @executable_path/Frameworks";
				PRODUCT_BUNDLE_IDENTIFIER = jp.techacademy.tatsuki.oonishi.FirstKadaiApp;
				PRODUCT_NAME = "$(TARGET_NAME)";
				SWIFT_VERSION = 3.0;
			};
			name = Debug;
		};
		31B215DD1FE5223D00B28EEF /* Release */ = {
			isa = XCBuildConfiguration;
			buildSettings = {
				ASSETCATALOG_COMPILER_APPICON_NAME = AppIcon;
				INFOPLIST_FILE = FirstKadaiApp/Info.plist;
				LD_RUNPATH_SEARCH_PATHS = "$(inherited) @executable_path/Frameworks";
				PRODUCT_BUNDLE_IDENTIFIER = jp.techacademy.tatsuki.oonishi.FirstKadaiApp;
				PRODUCT_NAME = "$(TARGET_NAME)";
				SWIFT_VERSION = 3.0;
			};
			name = Release;
		};
		31B215DF1FE5223D00B28EEF /* Debug */ = {
			isa = XCBuildConfiguration;
			buildSettings = {
				ALWAYS_EMBED_SWIFT_STANDARD_LIBRARIES = YES;
				BUNDLE_LOADER = "$(TEST_HOST)";
				INFOPLIST_FILE = FirstKadaiAppTests/Info.plist;
				LD_RUNPATH_SEARCH_PATHS = "$(inherited) @executable_path/Frameworks @loader_path/Frameworks";
				PRODUCT_BUNDLE_IDENTIFIER = jp.techacademy.tatsuki.oonishi.FirstKadaiAppTests;
				PRODUCT_NAME = "$(TARGET_NAME)";
				SWIFT_VERSION = 3.0;
				TEST_HOST = "$(BUILT_PRODUCTS_DIR)/FirstKadaiApp.app/FirstKadaiApp";
			};
			name = Debug;
		};
		31B215E01FE5223D00B28EEF /* Release */ = {
			isa = XCBuildConfiguration;
			buildSettings = {
				ALWAYS_EMBED_SWIFT_STANDARD_LIBRARIES = YES;
				BUNDLE_LOADER = "$(TEST_HOST)";
				INFOPLIST_FILE = FirstKadaiAppTests/Info.plist;
				LD_RUNPATH_SEARCH_PATHS = "$(inherited) @executable_path/Frameworks @loader_path/Frameworks";
				PRODUCT_BUNDLE_IDENTIFIER = jp.techacademy.tatsuki.oonishi.FirstKadaiAppTests;
				PRODUCT_NAME = "$(TARGET_NAME)";
				SWIFT_VERSION = 3.0;
				TEST_HOST = "$(BUILT_PRODUCTS_DIR)/FirstKadaiApp.app/FirstKadaiApp";
			};
			name = Release;
		};
		31B215E21FE5223D00B28EEF /* Debug */ = {
			isa = XCBuildConfiguration;
			buildSettings = {
				ALWAYS_EMBED_SWIFT_STANDARD_LIBRARIES = YES;
				INFOPLIST_FILE = FirstKadaiAppUITests/Info.plist;
				LD_RUNPATH_SEARCH_PATHS = "$(inherited) @executable_path/Frameworks @loader_path/Frameworks";
				PRODUCT_BUNDLE_IDENTIFIER = jp.techacademy.tatsuki.oonishi.FirstKadaiAppUITests;
				PRODUCT_NAME = "$(TARGET_NAME)";
				SWIFT_VERSION = 3.0;
				TEST_TARGET_NAME = FirstKadaiApp;
			};
			name = Debug;
		};
		31B215E31FE5223D00B28EEF /* Release */ = {
			isa = XCBuildConfiguration;
			buildSettings = {
				ALWAYS_EMBED_SWIFT_STANDARD_LIBRARIES = YES;
				INFOPLIST_FILE = FirstKadaiAppUITests/Info.plist;
				LD_RUNPATH_SEARCH_PATHS = "$(inherited) @executable_path/Frameworks @loader_path/Frameworks";
				PRODUCT_BUNDLE_IDENTIFIER = jp.techacademy.tatsuki.oonishi.FirstKadaiAppUITests;
				PRODUCT_NAME = "$(TARGET_NAME)";
				SWIFT_VERSION = 3.0;
				TEST_TARGET_NAME = FirstKadaiApp;
			};
			name = Release;
		};
/* End XCBuildConfiguration section */

/* Begin XCConfigurationList section */
		31B215AE1FE5223D00B28EEF /* Build configuration list for PBXProject "FirstKadaiApp" */ = {
			isa = XCConfigurationList;
			buildConfigurations = (
				31B215D91FE5223D00B28EEF /* Debug */,
				31B215DA1FE5223D00B28EEF /* Release */,
			);
			defaultConfigurationIsVisible = 0;
			defaultConfigurationName = Release;
		};
		31B215DB1FE5223D00B28EEF /* Build configuration list for PBXNativeTarget "FirstKadaiApp" */ = {
			isa = XCConfigurationList;
			buildConfigurations = (
				31B215DC1FE5223D00B28EEF /* Debug */,
				31B215DD1FE5223D00B28EEF /* Release */,
			);
			defaultConfigurationIsVisible = 0;
		};
		31B215DE1FE5223D00B28EEF /* Build configuration list for PBXNativeTarget "FirstKadaiAppTests" */ = {
			isa = XCConfigurationList;
			buildConfigurations = (
				31B215DF1FE5223D00B28EEF /* Debug */,
				31B215E01FE5223D00B28EEF /* Release */,
			);
			defaultConfigurationIsVisible = 0;
		};
		31B215E11FE5223D00B28EEF /* Build configuration list for PBXNativeTarget "FirstKadaiAppUITests" */ = {
			isa = XCConfigurationList;
			buildConfigurations = (
				31B215E21FE5223D00B28EEF /* Debug */,
				31B215E31FE5223D00B28EEF /* Release */,
			);
			defaultConfigurationIsVisible = 0;
		};
/* End XCConfigurationList section */
	};
	rootObject = 31B215AB1FE5223D00B28EEF /* Project object */;
}
